
Microsoft Visual Studio Solution File, Format Version 12.00
# Visual Studio 14
VisualStudioVersion = 14.0.25420.1
MinimumVisualStudioVersion = 10.0.40219.1
Project("{FAE04EC0-301F-11D3-BF4B-00C04F79EFBC}") = "PalletManagement.Core", "PalletManagement.Core\PalletManagement.Core.csproj", "{0D3D36AB-992D-4610-97B7-8D4FCCA138DC}"
EndProject
Project("{FAE04EC0-301F-11D3-BF4B-00C04F79EFBC}") = "MyAppTools", "MyAppTools\MyAppTools.csproj", "{E3303B0A-1755-4E85-874F-91DFBE9DB3FA}"
EndProject
Project("{FAE04EC0-301F-11D3-BF4B-00C04F79EFBC}") = "PalletManagement.Web", "PalletManagement.Web\PalletManagement.Web.csproj", "{98B35233-20B4-4FC6-BC79-64EEA2EE0C10}"
EndProject
Project("{FAE04EC0-301F-11D3-BF4B-00C04F79EFBC}") = "WebApplication2", "WebApplication2\WebApplication2.csproj", "{34AE0F13-165D-4FF0-925B-9D9B5E190033}"
EndProject
Global
	GlobalSection(SolutionConfigurationPlatforms) = preSolution
		Debug|Any CPU = Debug|Any CPU
		Release|Any CPU = Release|Any CPU
	EndGlobalSection
	GlobalSection(ProjectConfigurationPlatforms) = postSolution
		{0D3D36AB-992D-4610-97B7-8D4FCCA138DC}.Debug|Any CPU.ActiveCfg = Debug|Any CPU
		{0D3D36AB-992D-4610-97B7-8D4FCCA138DC}.Debug|Any CPU.Build.0 = Debug|Any CPU
		{0D3D36AB-992D-4610-97B7-8D4FCCA138DC}.Release|Any CPU.ActiveCfg = Release|Any CPU
		{0D3D36AB-992D-4610-97B7-8D4FCCA138DC}.Release|Any CPU.Build.0 = Release|Any CPU
		{E3303B0A-1755-4E85-874F-91DFBE9DB3FA}.Debug|Any CPU.ActiveCfg = Debug|Any CPU
		{E3303B0A-1755-4E85-874F-91DFBE9DB3FA}.Debug|Any CPU.Build.0 = Debug|Any CPU
		{E3303B0A-1755-4E85-874F-91DFBE9DB3FA}.Release|Any CPU.ActiveCfg = Release|Any CPU
		{E3303B0A-1755-4E85-874F-91DFBE9DB3FA}.Release|Any CPU.Build.0 = Release|Any CPU
		{98B35233-20B4-4FC6-BC79-64EEA2EE0C10}.Debug|Any CPU.ActiveCfg = Debug|Any CPU
		{98B35233-20B4-4FC6-BC79-64EEA2EE0C10}.Debug|Any CPU.Build.0 = Debug|Any CPU
		{98B35233-20B4-4FC6-BC79-64EEA2EE0C10}.Release|Any CPU.ActiveCfg = Release|Any CPU
		{98B35233-20B4-4FC6-BC79-64EEA2EE0C10}.Release|Any CPU.Build.0 = Release|Any CPU
		{34AE0F13-165D-4FF0-925B-9D9B5E190033}.Debug|Any CPU.ActiveCfg = Debug|Any CPU
		{34AE0F13-165D-4FF0-925B-9D9B5E190033}.Debug|Any CPU.Build.0 = Debug|Any CPU
		{34AE0F13-165D-4FF0-925B-9D9B5E190033}.Release|Any CPU.ActiveCfg = Release|Any CPU
		{34AE0F13-165D-4FF0-925B-9D9B5E190033}.Release|Any CPU.Build.0 = Release|Any CPU
	EndGlobalSection
	GlobalSection(SolutionProperties) = preSolution
		HideSolutionNode = FALSE
	EndGlobalSection
EndGlobal
